
Microsoft Visual Studio Solution File, Format Version 12.00
# Visual Studio Version 16
VisualStudioVersion = 16.0.28803.352
MinimumVisualStudioVersion = 10.0.40219.1
Project("{FAE04EC0-301F-11D3-BF4B-00C04F79EFBC}") = "InputValidator", "InputValidator.csproj", "{FECA0336-FEE3-44FD-BA1D-2F59242F50FC}"
EndProject
Global
	GlobalSection(SolutionConfigurationPlatforms) = preSolution
		Debug|Any CPU = Debug|Any CPU
		Release|Any CPU = Release|Any CPU
	EndGlobalSection
	GlobalSection(ProjectConfigurationPlatforms) = postSolution
		{FECA0336-FEE3-44FD-BA1D-2F59242F50FC}.Debug|Any CPU.ActiveCfg = Debug|Any CPU
		{FECA0336-FEE3-44FD-BA1D-2F59242F50FC}.Debug|Any CPU.Build.0 = Debug|Any CPU
		{FECA0336-FEE3-44FD-BA1D-2F59242F50FC}.Release|Any CPU.ActiveCfg = Release|Any CPU
		{FECA0336-FEE3-44FD-BA1D-2F59242F50FC}.Release|Any CPU.Build.0 = Release|Any CPU
	EndGlobalSection
	GlobalSection(SolutionProperties) = preSolution
		HideSolutionNode = FALSE
	EndGlobalSection
	GlobalSection(ExtensibilityGlobals) = postSolution
		SolutionGuid = {B6439FC9-7A92-4565-A3DA-EC89A352A803}
	EndGlobalSection
EndGlobal
